
Microsoft Visual Studio Solution File, Format Version 12.00
Project("{FAE04EC0-301F-11D3-BF4B-00C04F79EFBC}") = "HashTableLab", "HashTableLab\HashTableLab.csproj", "{69C7CC7A-27CC-45D2-9D9F-91D957834358}"
EndProject
Global
	GlobalSection(SolutionConfigurationPlatforms) = preSolution
		Debug|Any CPU = Debug|Any CPU
		Release|Any CPU = Release|Any CPU
	EndGlobalSection
	GlobalSection(ProjectConfigurationPlatforms) = postSolution
		{69C7CC7A-27CC-45D2-9D9F-91D957834358}.Debug|Any CPU.ActiveCfg = Debug|Any CPU
		{69C7CC7A-27CC-45D2-9D9F-91D957834358}.Debug|Any CPU.Build.0 = Debug|Any CPU
		{69C7CC7A-27CC-45D2-9D9F-91D957834358}.Release|Any CPU.ActiveCfg = Release|Any CPU
		{69C7CC7A-27CC-45D2-9D9F-91D957834358}.Release|Any CPU.Build.0 = Release|Any CPU
	EndGlobalSection
EndGlobal
